# THIS IS AN AUTOGENERATED FILE. DO NOT EDIT THIS FILE DIRECTLY.
# yarn lockfile v1


"@types/node@^14.14.10":
  version "14.14.10"
  resolved "https://registry.npm.taobao.org/@types/node/download/@types/node-14.14.10.tgz?cache=0&sync_timestamp=1606763117372&other_urls=https%3A%2F%2Fregistry.npm.taobao.org%2F%40types%2Fnode%2Fdownload%2F%40types%2Fnode-14.14.10.tgz#5958a82e41863cfc71f2307b3748e3491ba03785"
  integrity sha1-WVioLkGGPPxx8jB7N0jjSRugN4U=

tslib@^2.0.3:
  version "2.0.3"
  resolved "https://registry.npm.taobao.org/tslib/download/tslib-2.0.3.tgz#8e0741ac45fc0c226e58a17bfc3e64b9bc6ca61c"
  integrity sha1-jgdBrEX8DCJuWKF7/D5kubxsphw=

typescript@^4.1.2:
  version "4.1.2"
  resolved "https://registry.npm.taobao.org/typescript/download/typescript-4.1.2.tgz?cache=0&sync_timestamp=1607150924345&other_urls=https%3A%2F%2Fregistry.npm.taobao.org%2Ftypescript%2Fdownload%2Ftypescript-4.1.2.tgz#6369ef22516fe5e10304aae5a5c4862db55380e9"
  integrity sha1-Y2nvIlFv5eEDBKrlpcSGLbVTgOk=
